
Microsoft Visual Studio Solution File, Format Version 12.00
# Visual Studio Version 17
VisualStudioVersion = 17.6.33712.159
MinimumVisualStudioVersion = 10.0.40219.1
Project("{FAE04EC0-301F-11D3-BF4B-00C04F79EFBC}") = "h3task1", "h3task1\h3task1.csproj", "{A536D279-2EBF-437F-B0F0-10B6FFAA71A7}"
EndProject
Global
	GlobalSection(SolutionConfigurationPlatforms) = preSolution
		Debug|Any CPU = Debug|Any CPU
		Release|Any CPU = Release|Any CPU
	EndGlobalSection
	GlobalSection(ProjectConfigurationPlatforms) = postSolution
		{A536D279-2EBF-437F-B0F0-10B6FFAA71A7}.Debug|Any CPU.ActiveCfg = Debug|Any CPU
		{A536D279-2EBF-437F-B0F0-10B6FFAA71A7}.Debug|Any CPU.Build.0 = Debug|Any CPU
		{A536D279-2EBF-437F-B0F0-10B6FFAA71A7}.Release|Any CPU.ActiveCfg = Release|Any CPU
		{A536D279-2EBF-437F-B0F0-10B6FFAA71A7}.Release|Any CPU.Build.0 = Release|Any CPU
	EndGlobalSection
	GlobalSection(SolutionProperties) = preSolution
		HideSolutionNode = FALSE
	EndGlobalSection
	GlobalSection(ExtensibilityGlobals) = postSolution
		SolutionGuid = {1DD001B6-2915-4FF9-8D1A-B6D20E8FC930}
	EndGlobalSection
EndGlobal
